
Microsoft Visual Studio Solution File, Format Version 12.00
# Visual Studio Version 17
VisualStudioVersion = 17.2.32630.192
MinimumVisualStudioVersion = 10.0.40219.1
Project("{FAE04EC0-301F-11D3-BF4B-00C04F79EFBC}") = "CourseDiscount", "CourseDiscount\CourseDiscount.csproj", "{CC4453BB-EA04-44F3-B072-663F834813F9}"
EndProject
Global
	GlobalSection(SolutionConfigurationPlatforms) = preSolution
		Debug|Any CPU = Debug|Any CPU
		Release|Any CPU = Release|Any CPU
	EndGlobalSection
	GlobalSection(ProjectConfigurationPlatforms) = postSolution
		{CC4453BB-EA04-44F3-B072-663F834813F9}.Debug|Any CPU.ActiveCfg = Debug|Any CPU
		{CC4453BB-EA04-44F3-B072-663F834813F9}.Debug|Any CPU.Build.0 = Debug|Any CPU
		{CC4453BB-EA04-44F3-B072-663F834813F9}.Release|Any CPU.ActiveCfg = Release|Any CPU
		{CC4453BB-EA04-44F3-B072-663F834813F9}.Release|Any CPU.Build.0 = Release|Any CPU
	EndGlobalSection
	GlobalSection(SolutionProperties) = preSolution
		HideSolutionNode = FALSE
	EndGlobalSection
	GlobalSection(ExtensibilityGlobals) = postSolution
		SolutionGuid = {52F3EE77-6A0F-4BD2-BAA8-A39073D3773C}
	EndGlobalSection
EndGlobal
