
Microsoft Visual Studio Solution File, Format Version 12.00
# Visual Studio Version 17
VisualStudioVersion = 17.2.32630.192
MinimumVisualStudioVersion = 10.0.40219.1
Project("{FAE04EC0-301F-11D3-BF4B-00C04F79EFBC}") = "DesignShoppingCart", "DesignShoppingCart\DesignShoppingCart.csproj", "{7A148ABE-6520-418C-831D-76DD7DA77DCB}"
EndProject
Global
	GlobalSection(SolutionConfigurationPlatforms) = preSolution
		Debug|Any CPU = Debug|Any CPU
		Release|Any CPU = Release|Any CPU
	EndGlobalSection
	GlobalSection(ProjectConfigurationPlatforms) = postSolution
		{7A148ABE-6520-418C-831D-76DD7DA77DCB}.Debug|Any CPU.ActiveCfg = Debug|Any CPU
		{7A148ABE-6520-418C-831D-76DD7DA77DCB}.Debug|Any CPU.Build.0 = Debug|Any CPU
		{7A148ABE-6520-418C-831D-76DD7DA77DCB}.Release|Any CPU.ActiveCfg = Release|Any CPU
		{7A148ABE-6520-418C-831D-76DD7DA77DCB}.Release|Any CPU.Build.0 = Release|Any CPU
	EndGlobalSection
	GlobalSection(SolutionProperties) = preSolution
		HideSolutionNode = FALSE
	EndGlobalSection
	GlobalSection(ExtensibilityGlobals) = postSolution
		SolutionGuid = {A3CFA7BE-303B-4891-A0FF-72BF3FBE0D52}
	EndGlobalSection
EndGlobal
